
Microsoft Visual Studio Solution File, Format Version 12.00
# Visual Studio 15
VisualStudioVersion = 15.0.28307.2092
MinimumVisualStudioVersion = 10.0.40219.1
Project("{FAE04EC0-301F-11D3-BF4B-00C04F79EFBC}") = "Guruvayur_api2", "Guruvayur_api2\Guruvayur_api2.csproj", "{A466E54D-B91E-4722-A369-7E4ED4B16A37}"
EndProject
Global
	GlobalSection(SolutionConfigurationPlatforms) = preSolution
		Debug|Any CPU = Debug|Any CPU
		Release|Any CPU = Release|Any CPU
	EndGlobalSection
	GlobalSection(ProjectConfigurationPlatforms) = postSolution
		{A466E54D-B91E-4722-A369-7E4ED4B16A37}.Debug|Any CPU.ActiveCfg = Debug|Any CPU
		{A466E54D-B91E-4722-A369-7E4ED4B16A37}.Debug|Any CPU.Build.0 = Debug|Any CPU
		{A466E54D-B91E-4722-A369-7E4ED4B16A37}.Release|Any CPU.ActiveCfg = Release|Any CPU
		{A466E54D-B91E-4722-A369-7E4ED4B16A37}.Release|Any CPU.Build.0 = Release|Any CPU
	EndGlobalSection
	GlobalSection(SolutionProperties) = preSolution
		HideSolutionNode = FALSE
	EndGlobalSection
	GlobalSection(ExtensibilityGlobals) = postSolution
		SolutionGuid = {5EAA00B7-33B4-40B1-96D1-425AC65F3F4F}
	EndGlobalSection
EndGlobal
